// !$*UTF8*$!
{
	archiveVersion = 1;
	classes = {
	};
	objectVersion = 56;
	objects = {

/* Begin PBXBuildFile section */
		3A5714B42A2520330039509B /* AppDelegate.swift in Sources */ = {isa = PBXBuildFile; fileRef = 3A5714B32A2520330039509B /* AppDelegate.swift */; };
		3A5714B62A2520330039509B /* SceneDelegate.swift in Sources */ = {isa = PBXBuildFile; fileRef = 3A5714B52A2520330039509B /* SceneDelegate.swift */; };
		3A5714B82A2520330039509B /* ViewController.swift in Sources */ = {isa = PBXBuildFile; fileRef = 3A5714B72A2520330039509B /* ViewController.swift */; };
		3A5714BB2A2520330039509B /* Main.storyboard in Resources */ = {isa = PBXBuildFile; fileRef = 3A5714B92A2520330039509B /* Main.storyboard */; };
		3A5714BE2A2520330039509B /* WeekdayFinder.xcdatamodeld in Sources */ = {isa = PBXBuildFile; fileRef = 3A5714BC2A2520330039509B /* WeekdayFinder.xcdatamodeld */; };
		3A5714C02A2520340039509B /* Assets.xcassets in Resources */ = {isa = PBXBuildFile; fileRef = 3A5714BF2A2520340039509B /* Assets.xcassets */; };
		3A5714C32A2520340039509B /* LaunchScreen.storyboard in Resources */ = {isa = PBXBuildFile; fileRef = 3A5714C12A2520340039509B /* LaunchScreen.storyboard */; };
		3A5714CE2A2520340039509B /* WeekdayFinderTests.swift in Sources */ = {isa = PBXBuildFile; fileRef = 3A5714CD2A2520340039509B /* WeekdayFinderTests.swift */; };
		3A5714D82A2520340039509B /* WeekdayFinderUITests.swift in Sources */ = {isa = PBXBuildFile; fileRef = 3A5714D72A2520340039509B /* WeekdayFinderUITests.swift */; };
		3A5714DA2A2520340039509B /* WeekdayFinderUITestsLaunchTests.swift in Sources */ = {isa = PBXBuildFile; fileRef = 3A5714D92A2520340039509B /* WeekdayFinderUITestsLaunchTests.swift */; };
/* End PBXBuildFile section */

/* Begin PBXContainerItemProxy section */
		3A5714CA2A2520340039509B /* PBXContainerItemProxy */ = {
			isa = PBXContainerItemProxy;
			containerPortal = 3A5714A82A2520330039509B /* Project object */;
			proxyType = 1;
			remoteGlobalIDString = 3A5714AF2A2520330039509B;
			remoteInfo = WeekdayFinder;
		};
		3A5714D42A2520340039509B /* PBXContainerItemProxy */ = {
			isa = PBXContainerItemProxy;
			containerPortal = 3A5714A82A2520330039509B /* Project object */;
			proxyType = 1;
			remoteGlobalIDString = 3A5714AF2A2520330039509B;
			remoteInfo = WeekdayFinder;
		};
/* End PBXContainerItemProxy section */

/* Begin PBXFileReference section */
		3A5714B02A2520330039509B /* WeekdayFinder.app */ = {isa = PBXFileReference; explicitFileType = wrapper.application; includeInIndex = 0; path = WeekdayFinder.app; sourceTree = BUILT_PRODUCTS_DIR; };
		3A5714B32A2520330039509B /* AppDelegate.swift */ = {isa = PBXFileReference; lastKnownFileType = sourcecode.swift; path = AppDelegate.swift; sourceTree = "<group>"; };
		3A5714B52A2520330039509B /* SceneDelegate.swift */ = {isa = PBXFileReference; lastKnownFileType = sourcecode.swift; path = SceneDelegate.swift; sourceTree = "<group>"; };
		3A5714B72A2520330039509B /* ViewController.swift */ = {isa = PBXFileReference; lastKnownFileType = sourcecode.swift; path = ViewController.swift; sourceTree = "<group>"; };
		3A5714BA2A2520330039509B /* Base */ = {isa = PBXFileReference; lastKnownFileType = file.storyboard; name = Base; path = Base.lproj/Main.storyboard; sourceTree = "<group>"; };
		3A5714BD2A2520330039509B /* WeekdayFinder.xcdatamodel */ = {isa = PBXFileReference; lastKnownFileType = wrapper.xcdatamodel; path = WeekdayFinder.xcdatamodel; sourceTree = "<group>"; };
		3A5714BF2A2520340039509B /* Assets.xcassets */ = {isa = PBXFileReference; lastKnownFileType = folder.assetcatalog; path = Assets.xcassets; sourceTree = "<group>"; };
		3A5714C22A2520340039509B /* Base */ = {isa = PBXFileReference; lastKnownFileType = file.storyboard; name = Base; path = Base.lproj/LaunchScreen.storyboard; sourceTree = "<group>"; };
		3A5714C42A2520340039509B /* Info.plist */ = {isa = PBXFileReference; lastKnownFileType = text.plist.xml; path = Info.plist; sourceTree = "<group>"; };
		3A5714C92A2520340039509B /* WeekdayFinderTests.xctest */ = {isa = PBXFileReference; explicitFileType = wrapper.cfbundle; includeInIndex = 0; path = WeekdayFinderTests.xctest; sourceTree = BUILT_PRODUCTS_DIR; };
		3A5714CD2A2520340039509B /* WeekdayFinderTests.swift */ = {isa = PBXFileReference; lastKnownFileType = sourcecode.swift; path = WeekdayFinderTests.swift; sourceTree = "<group>"; };
		3A5714D32A2520340039509B /* WeekdayFinderUITests.xctest */ = {isa = PBXFileReference; explicitFileType = wrapper.cfbundle; includeInIndex = 0; path = WeekdayFinderUITests.xctest; sourceTree = BUILT_PRODUCTS_DIR; };
		3A5714D72A2520340039509B /* WeekdayFinderUITests.swift */ = {isa = PBXFileReference; lastKnownFileType = sourcecode.swift; path = WeekdayFinderUITests.swift; sourceTree = "<group>"; };
		3A5714D92A2520340039509B /* WeekdayFinderUITestsLaunchTests.swift */ = {isa = PBXFileReference; lastKnownFileType = sourcecode.swift; path = WeekdayFinderUITestsLaunchTests.swift; sourceTree = "<group>"; };
/* End PBXFileReference section */

/* Begin PBXFrameworksBuildPhase section */
		3A5714AD2A2520330039509B /* Frameworks */ = {
			isa = PBXFrameworksBuildPhase;
			buildActionMask = 2147483647;
			files = (
			);
			runOnlyForDeploymentPostprocessing = 0;
		};
		3A5714C62A2520340039509B /* Frameworks */ = {
			isa = PBXFrameworksBuildPhase;
			buildActionMask = 2147483647;
			files = (
			);
			runOnlyForDeploymentPostprocessing = 0;
		};
		3A5714D02A2520340039509B /* Frameworks */ = {
			isa = PBXFrameworksBuildPhase;
			buildActionMask = 2147483647;
			files = (
			);
			runOnlyForDeploymentPostprocessing = 0;
		};
/* End PBXFrameworksBuildPhase section */

/* Begin PBXGroup section */
		3A5714A72A2520330039509B = {
			isa = PBXGroup;
			children = (
				3A5714B22A2520330039509B /* WeekdayFinder */,
				3A5714CC2A2520340039509B /* WeekdayFinderTests */,
				3A5714D62A2520340039509B /* WeekdayFinderUITests */,
				3A5714B12A2520330039509B /* Products */,
			);
			sourceTree = "<group>";
		};
		3A5714B12A2520330039509B /* Products */ = {
			isa = PBXGroup;
			children = (
				3A5714B02A2520330039509B /* WeekdayFinder.app */,
				3A5714C92A2520340039509B /* WeekdayFinderTests.xctest */,
				3A5714D32A2520340039509B /* WeekdayFinderUITests.xctest */,
			);
			name = Products;
			sourceTree = "<group>";
		};
		3A5714B22A2520330039509B /* WeekdayFinder */ = {
			isa = PBXGroup;
			children = (
				3A5714B32A2520330039509B /* AppDelegate.swift */,
				3A5714B52A2520330039509B /* SceneDelegate.swift */,
				3A5714B72A2520330039509B /* ViewController.swift */,
				3A5714B92A2520330039509B /* Main.storyboard */,
				3A5714BF2A2520340039509B /* Assets.xcassets */,
				3A5714C12A2520340039509B /* LaunchScreen.storyboard */,
				3A5714C42A2520340039509B /* Info.plist */,
				3A5714BC2A2520330039509B /* WeekdayFinder.xcdatamodeld */,
			);
			path = WeekdayFinder;
			sourceTree = "<group>";
		};
		3A5714CC2A2520340039509B /* WeekdayFinderTests */ = {
			isa = PBXGroup;
			children = (
				3A5714CD2A2520340039509B /* WeekdayFinderTests.swift */,
			);
			path = WeekdayFinderTests;
			sourceTree = "<group>";
		};
		3A5714D62A2520340039509B /* WeekdayFinderUITests */ = {
			isa = PBXGroup;
			children = (
				3A5714D72A2520340039509B /* WeekdayFinderUITests.swift */,
				3A5714D92A2520340039509B /* WeekdayFinderUITestsLaunchTests.swift */,
			);
			path = WeekdayFinderUITests;
			sourceTree = "<group>";
		};
/* End PBXGroup section */

/* Begin PBXNativeTarget section */
		3A5714AF2A2520330039509B /* WeekdayFinder */ = {
			isa = PBXNativeTarget;
			buildConfigurationList = 3A5714DD2A2520340039509B /* Build configuration list for PBXNativeTarget "WeekdayFinder" */;
			buildPhases = (
				3A5714AC2A2520330039509B /* Sources */,
				3A5714AD2A2520330039509B /* Frameworks */,
				3A5714AE2A2520330039509B /* Resources */,
			);
			buildRules = (
			);
			dependencies = (
			);
			name = WeekdayFinder;
			productName = WeekdayFinder;
			productReference = 3A5714B02A2520330039509B /* WeekdayFinder.app */;
			productType = "com.apple.product-type.application";
		};
		3A5714C82A2520340039509B /* WeekdayFinderTests */ = {
			isa = PBXNativeTarget;
			buildConfigurationList = 3A5714E02A2520340039509B /* Build configuration list for PBXNativeTarget "WeekdayFinderTests" */;
			buildPhases = (
				3A5714C52A2520340039509B /* Sources */,
				3A5714C62A2520340039509B /* Frameworks */,
				3A5714C72A2520340039509B /* Resources */,
			);
			buildRules = (
			);
			dependencies = (
				3A5714CB2A2520340039509B /* PBXTargetDependency */,
			);
			name = WeekdayFinderTests;
			productName = WeekdayFinderTests;
			productReference = 3A5714C92A2520340039509B /* WeekdayFinderTests.xctest */;
			productType = "com.apple.product-type.bundle.unit-test";
		};
		3A5714D22A2520340039509B /* WeekdayFinderUITests */ = {
			isa = PBXNativeTarget;
			buildConfigurationList = 3A5714E32A2520340039509B /* Build configuration list for PBXNativeTarget "WeekdayFinderUITests" */;
			buildPhases = (
				3A5714CF2A2520340039509B /* Sources */,
				3A5714D02A2520340039509B /* Frameworks */,
				3A5714D12A2520340039509B /* Resources */,
			);
			buildRules = (
			);
			dependencies = (
				3A5714D52A2520340039509B /* PBXTargetDependency */,
			);
			name = WeekdayFinderUITests;
			productName = WeekdayFinderUITests;
			productReference = 3A5714D32A2520340039509B /* WeekdayFinderUITests.xctest */;
			productType = "com.apple.product-type.bundle.ui-testing";
		};
/* End PBXNativeTarget section */

/* Begin PBXProject section */
		3A5714A82A2520330039509B /* Project object */ = {
			isa = PBXProject;
			attributes = {
				BuildIndependentTargetsInParallel = 1;
				LastSwiftUpdateCheck = 1400;
				LastUpgradeCheck = 1400;
				TargetAttributes = {
					3A5714AF2A2520330039509B = {
						CreatedOnToolsVersion = 14.0.1;
					};
					3A5714C82A2520340039509B = {
						CreatedOnToolsVersion = 14.0.1;
						TestTargetID = 3A5714AF2A2520330039509B;
					};
					3A5714D22A2520340039509B = {
						CreatedOnToolsVersion = 14.0.1;
						TestTargetID = 3A5714AF2A2520330039509B;
					};
				};
			};
			buildConfigurationList = 3A5714AB2A2520330039509B /* Build configuration list for PBXProject "WeekdayFinder" */;
			compatibilityVersion = "Xcode 14.0";
			developmentRegion = en;
			hasScannedForEncodings = 0;
			knownRegions = (
				en,
				Base,
			);
			mainGroup = 3A5714A72A2520330039509B;
			productRefGroup = 3A5714B12A2520330039509B /* Products */;
			projectDirPath = "";
			projectRoot = "";
			targets = (
				3A5714AF2A2520330039509B /* WeekdayFinder */,
				3A5714C82A2520340039509B /* WeekdayFinderTests */,
				3A5714D22A2520340039509B /* WeekdayFinderUITests */,
			);
		};
/* End PBXProject section */

/* Begin PBXResourcesBuildPhase section */
		3A5714AE2A2520330039509B /* Resources */ = {
			isa = PBXResourcesBuildPhase;
			buildActionMask = 2147483647;
			files = (
				3A5714C32A2520340039509B /* LaunchScreen.storyboard in Resources */,
				3A5714C02A2520340039509B /* Assets.xcassets in Resources */,
				3A5714BB2A2520330039509B /* Main.storyboard in Resources */,
			);
			runOnlyForDeploymentPostprocessing = 0;
		};
		3A5714C72A2520340039509B /* Resources */ = {
			isa = PBXResourcesBuildPhase;
			buildActionMask = 2147483647;
			files = (
			);
			runOnlyForDeploymentPostprocessing = 0;
		};
		3A5714D12A2520340039509B /* Resources */ = {
			isa = PBXResourcesBuildPhase;
			buildActionMask = 2147483647;
			files = (
			);
			runOnlyForDeploymentPostprocessing = 0;
		};
/* End PBXResourcesBuildPhase section */

/* Begin PBXSourcesBuildPhase section */
		3A5714AC2A2520330039509B /* Sources */ = {
			isa = PBXSourcesBuildPhase;
			buildActionMask = 2147483647;
			files = (
				3A5714BE2A2520330039509B /* WeekdayFinder.xcdatamodeld in Sources */,
				3A5714B82A2520330039509B /* ViewController.swift in Sources */,
				3A5714B42A2520330039509B /* AppDelegate.swift in Sources */,
				3A5714B62A2520330039509B /* SceneDelegate.swift in Sources */,
			);
			runOnlyForDeploymentPostprocessing = 0;
		};
		3A5714C52A2520340039509B /* Sources */ = {
			isa = PBXSourcesBuildPhase;
			buildActionMask = 2147483647;
			files = (
				3A5714CE2A2520340039509B /* WeekdayFinderTests.swift in Sources */,
			);
			runOnlyForDeploymentPostprocessing = 0;
		};
		3A5714CF2A2520340039509B /* Sources */ = {
			isa = PBXSourcesBuildPhase;
			buildActionMask = 2147483647;
			files = (
				3A5714D82A2520340039509B /* WeekdayFinderUITests.swift in Sources */,
				3A5714DA2A2520340039509B /* WeekdayFinderUITestsLaunchTests.swift in Sources */,
			);
			runOnlyForDeploymentPostprocessing = 0;
		};
/* End PBXSourcesBuildPhase section */

/* Begin PBXTargetDependency section */
		3A5714CB2A2520340039509B /* PBXTargetDependency */ = {
			isa = PBXTargetDependency;
			target = 3A5714AF2A2520330039509B /* WeekdayFinder */;
			targetProxy = 3A5714CA2A2520340039509B /* PBXContainerItemProxy */;
		};
		3A5714D52A2520340039509B /* PBXTargetDependency */ = {
			isa = PBXTargetDependency;
			target = 3A5714AF2A2520330039509B /* WeekdayFinder */;
			targetProxy = 3A5714D42A2520340039509B /* PBXContainerItemProxy */;
		};
/* End PBXTargetDependency section */

/* Begin PBXVariantGroup section */
		3A5714B92A2520330039509B /* Main.storyboard */ = {
			isa = PBXVariantGroup;
			children = (
				3A5714BA2A2520330039509B /* Base */,
			);
			name = Main.storyboard;
			sourceTree = "<group>";
		};
		3A5714C12A2520340039509B /* LaunchScreen.storyboard */ = {
			isa = PBXVariantGroup;
			children = (
				3A5714C22A2520340039509B /* Base */,
			);
			name = LaunchScreen.storyboard;
			sourceTree = "<group>";
		};
/* End PBXVariantGroup section */

/* Begin XCBuildConfiguration section */
		3A5714DB2A2520340039509B /* Debug */ = {
			isa = XCBuildConfiguration;
			buildSettings = {
				ALWAYS_SEARCH_USER_PATHS = NO;
				CLANG_ANALYZER_NONNULL = YES;
				CLANG_ANALYZER_NUMBER_OBJECT_CONVERSION = YES_AGGRESSIVE;
				CLANG_CXX_LANGUAGE_STANDARD = "gnu++20";
				CLANG_ENABLE_MODULES = YES;
				CLANG_ENABLE_OBJC_ARC = YES;
				CLANG_ENABLE_OBJC_WEAK = YES;
				CLANG_WARN_BLOCK_CAPTURE_AUTORELEASING = YES;
				CLANG_WARN_BOOL_CONVERSION = YES;
				CLANG_WARN_COMMA = YES;
				CLANG_WARN_CONSTANT_CONVERSION = YES;
				CLANG_WARN_DEPRECATED_OBJC_IMPLEMENTATIONS = YES;
				CLANG_WARN_DIRECT_OBJC_ISA_USAGE = YES_ERROR;
				CLANG_WARN_DOCUMENTATION_COMMENTS = YES;
				CLANG_WARN_EMPTY_BODY = YES;
				CLANG_WARN_ENUM_CONVERSION = YES;
				CLANG_WARN_INFINITE_RECURSION = YES;
				CLANG_WARN_INT_CONVERSION = YES;
				CLANG_WARN_NON_LITERAL_NULL_CONVERSION = YES;
				CLANG_WARN_OBJC_IMPLICIT_RETAIN_SELF = YES;
				CLANG_WARN_OBJC_LITERAL_CONVERSION = YES;
				CLANG_WARN_OBJC_ROOT_CLASS = YES_ERROR;
				CLANG_WARN_QUOTED_INCLUDE_IN_FRAMEWORK_HEADER = YES;
				CLANG_WARN_RANGE_LOOP_ANALYSIS = YES;
				CLANG_WARN_STRICT_PROTOTYPES = YES;
				CLANG_WARN_SUSPICIOUS_MOVE = YES;
				CLANG_WARN_UNGUARDED_AVAILABILITY = YES_AGGRESSIVE;
				CLANG_WARN_UNREACHABLE_CODE = YES;
				CLANG_WARN__DUPLICATE_METHOD_MATCH = YES;
				COPY_PHASE_STRIP = NO;
				DEBUG_INFORMATION_FORMAT = dwarf;
				ENABLE_STRICT_OBJC_MSGSEND = YES;
				ENABLE_TESTABILITY = YES;
				GCC_C_LANGUAGE_STANDARD = gnu11;
				GCC_DYNAMIC_NO_PIC = NO;
				GCC_NO_COMMON_BLOCKS = YES;
				GCC_OPTIMIZATION_LEVEL = 0;
				GCC_PREPROCESSOR_DEFINITIONS = (
					"DEBUG=1",
					"$(inherited)",
				);
				GCC_WARN_64_TO_32_BIT_CONVERSION = YES;
				GCC_WARN_ABOUT_RETURN_TYPE = YES_ERROR;
				GCC_WARN_UNDECLARED_SELECTOR = YES;
				GCC_WARN_UNINITIALIZED_AUTOS = YES_AGGRESSIVE;
				GCC_WARN_UNUSED_FUNCTION = YES;
				GCC_WARN_UNUSED_VARIABLE = YES;
				IPHONEOS_DEPLOYMENT_TARGET = 16.0;
				MTL_ENABLE_DEBUG_INFO = INCLUDE_SOURCE;
				MTL_FAST_MATH = YES;
				ONLY_ACTIVE_ARCH = YES;
				SDKROOT = iphoneos;
				SWIFT_ACTIVE_COMPILATION_CONDITIONS = DEBUG;
				SWIFT_OPTIMIZATION_LEVEL = "-Onone";
			};
			name = Debug;
		};
		3A5714DC2A2520340039509B /* Release */ = {
			isa = XCBuildConfiguration;
			buildSettings = {
				ALWAYS_SEARCH_USER_PATHS = NO;
				CLANG_ANALYZER_NONNULL = YES;
				CLANG_ANALYZER_NUMBER_OBJECT_CONVERSION = YES_AGGRESSIVE;
				CLANG_CXX_LANGUAGE_STANDARD = "gnu++20";
				CLANG_ENABLE_MODULES = YES;
				CLANG_ENABLE_OBJC_ARC = YES;
				CLANG_ENABLE_OBJC_WEAK = YES;
				CLANG_WARN_BLOCK_CAPTURE_AUTORELEASING = YES;
				CLANG_WARN_BOOL_CONVERSION = YES;
				CLANG_WARN_COMMA = YES;
				CLANG_WARN_CONSTANT_CONVERSION = YES;
				CLANG_WARN_DEPRECATED_OBJC_IMPLEMENTATIONS = YES;
				CLANG_WARN_DIRECT_OBJC_ISA_USAGE = YES_ERROR;
				CLANG_WARN_DOCUMENTATION_COMMENTS = YES;
				CLANG_WARN_EMPTY_BODY = YES;
				CLANG_WARN_ENUM_CONVERSION = YES;
				CLANG_WARN_INFINITE_RECURSION = YES;
				CLANG_WARN_INT_CONVERSION = YES;
				CLANG_WARN_NON_LITERAL_NULL_CONVERSION = YES;
				CLANG_WARN_OBJC_IMPLICIT_RETAIN_SELF = YES;
				CLANG_WARN_OBJC_LITERAL_CONVERSION = YES;
				CLANG_WARN_OBJC_ROOT_CLASS = YES_ERROR;
				CLANG_WARN_QUOTED_INCLUDE_IN_FRAMEWORK_HEADER = YES;
				CLANG_WARN_RANGE_LOOP_ANALYSIS = YES;
				CLANG_WARN_STRICT_PROTOTYPES = YES;
				CLANG_WARN_SUSPICIOUS_MOVE = YES;
				CLANG_WARN_UNGUARDED_AVAILABILITY = YES_AGGRESSIVE;
				CLANG_WARN_UNREACHABLE_CODE = YES;
				CLANG_WARN__DUPLICATE_METHOD_MATCH = YES;
				COPY_PHASE_STRIP = NO;
				DEBUG_INFORMATION_FORMAT = "dwarf-with-dsym";
				ENABLE_NS_ASSERTIONS = NO;
				ENABLE_STRICT_OBJC_MSGSEND = YES;
				GCC_C_LANGUAGE_STANDARD = gnu11;
				GCC_NO_COMMON_BLOCKS = YES;
				GCC_WARN_64_TO_32_BIT_CONVERSION = YES;
				GCC_WARN_ABOUT_RETURN_TYPE = YES_ERROR;
				GCC_WARN_UNDECLARED_SELECTOR = YES;
				GCC_WARN_UNINITIALIZED_AUTOS = YES_AGGRESSIVE;
				GCC_WARN_UNUSED_FUNCTION = YES;
				GCC_WARN_UNUSED_VARIABLE = YES;
				IPHONEOS_DEPLOYMENT_TARGET = 16.0;
				MTL_ENABLE_DEBUG_INFO = NO;
				MTL_FAST_MATH = YES;
				SDKROOT = iphoneos;
				SWIFT_COMPILATION_MODE = wholemodule;
				SWIFT_OPTIMIZATION_LEVEL = "-O";
				VALIDATE_PRODUCT = YES;
			};
			name = Release;
		};
		3A5714DE2A2520340039509B /* Debug */ = {
			isa = XCBuildConfiguration;
			buildSettings = {
				ASSETCATALOG_COMPILER_APPICON_NAME = AppIcon;
				ASSETCATALOG_COMPILER_GLOBAL_ACCENT_COLOR_NAME = AccentColor;
				CODE_SIGN_STYLE = Automatic;
				CURRENT_PROJECT_VERSION = 1;
				GENERATE_INFOPLIST_FILE = YES;
				INFOPLIST_FILE = WeekdayFinder/Info.plist;
				INFOPLIST_KEY_UIApplicationSupportsIndirectInputEvents = YES;
				INFOPLIST_KEY_UILaunchStoryboardName = LaunchScreen;
				INFOPLIST_KEY_UIMainStoryboardFile = Main;
				INFOPLIST_KEY_UISupportedInterfaceOrientations_iPad = "UIInterfaceOrientationPortrait UIInterfaceOrientationPortraitUpsideDown UIInterfaceOrientationLandscapeLeft UIInterfaceOrientationLandscapeRight";
				INFOPLIST_KEY_UISupportedInterfaceOrientations_iPhone = "UIInterfaceOrientationPortrait UIInterfaceOrientationLandscapeLeft UIInterfaceOrientationLandscapeRight";
				LD_RUNPATH_SEARCH_PATHS = (
					"$(inherited)",
					"@executable_path/Frameworks",
				);
				MARKETING_VERSION = 1.0;
				PRODUCT_BUNDLE_IDENTIFIER = valeria.WeekdayFinder;
				PRODUCT_NAME = "$(TARGET_NAME)";
				SWIFT_EMIT_LOC_STRINGS = YES;
				SWIFT_VERSION = 5.0;
				TARGETED_DEVICE_FAMILY = "1,2";
			};
			name = Debug;
		};
		3A5714DF2A2520340039509B /* Release */ = {
			isa = XCBuildConfiguration;
			buildSettings = {
				ASSETCATALOG_COMPILER_APPICON_NAME = AppIcon;
				ASSETCATALOG_COMPILER_GLOBAL_ACCENT_COLOR_NAME = AccentColor;
				CODE_SIGN_STYLE = Automatic;
				CURRENT_PROJECT_VERSION = 1;
				GENERATE_INFOPLIST_FILE = YES;
				INFOPLIST_FILE = WeekdayFinder/Info.plist;
				INFOPLIST_KEY_UIApplicationSupportsIndirectInputEvents = YES;
				INFOPLIST_KEY_UILaunchStoryboardName = LaunchScreen;
				INFOPLIST_KEY_UIMainStoryboardFile = Main;
				INFOPLIST_KEY_UISupportedInterfaceOrientations_iPad = "UIInterfaceOrientationPortrait UIInterfaceOrientationPortraitUpsideDown UIInterfaceOrientationLandscapeLeft UIInterfaceOrientationLandscapeRight";
				INFOPLIST_KEY_UISupportedInterfaceOrientations_iPhone = "UIInterfaceOrientationPortrait UIInterfaceOrientationLandscapeLeft UIInterfaceOrientationLandscapeRight";
				LD_RUNPATH_SEARCH_PATHS = (
					"$(inherited)",
					"@executable_path/Frameworks",
				);
				MARKETING_VERSION = 1.0;
				PRODUCT_BUNDLE_IDENTIFIER = valeria.WeekdayFinder;
				PRODUCT_NAME = "$(TARGET_NAME)";
				SWIFT_EMIT_LOC_STRINGS = YES;
				SWIFT_VERSION = 5.0;
				TARGETED_DEVICE_FAMILY = "1,2";
			};
			name = Release;
		};
		3A5714E12A2520340039509B /* Debug */ = {
			isa = XCBuildConfiguration;
			buildSettings = {
				ALWAYS_EMBED_SWIFT_STANDARD_LIBRARIES = YES;
				BUNDLE_LOADER = "$(TEST_HOST)";
				CODE_SIGN_STYLE = Automatic;
				CURRENT_PROJECT_VERSION = 1;
				GENERATE_INFOPLIST_FILE = YES;
				IPHONEOS_DEPLOYMENT_TARGET = 16.0;
				MARKETING_VERSION = 1.0;
				PRODUCT_BUNDLE_IDENTIFIER = valeria.WeekdayFinderTests;
				PRODUCT_NAME = "$(TARGET_NAME)";
				SWIFT_EMIT_LOC_STRINGS = NO;
				SWIFT_VERSION = 5.0;
				TARGETED_DEVICE_FAMILY = "1,2";
				TEST_HOST = "$(BUILT_PRODUCTS_DIR)/WeekdayFinder.app/$(BUNDLE_EXECUTABLE_FOLDER_PATH)/WeekdayFinder";
			};
			name = Debug;
		};
		3A5714E22A2520340039509B /* Release */ = {
			isa = XCBuildConfiguration;
			buildSettings = {
				ALWAYS_EMBED_SWIFT_STANDARD_LIBRARIES = YES;
				BUNDLE_LOADER = "$(TEST_HOST)";
				CODE_SIGN_STYLE = Automatic;
				CURRENT_PROJECT_VERSION = 1;
				GENERATE_INFOPLIST_FILE = YES;
				IPHONEOS_DEPLOYMENT_TARGET = 16.0;
				MARKETING_VERSION = 1.0;
				PRODUCT_BUNDLE_IDENTIFIER = valeria.WeekdayFinderTests;
				PRODUCT_NAME = "$(TARGET_NAME)";
				SWIFT_EMIT_LOC_STRINGS = NO;
				SWIFT_VERSION = 5.0;
				TARGETED_DEVICE_FAMILY = "1,2";
				TEST_HOST = "$(BUILT_PRODUCTS_DIR)/WeekdayFinder.app/$(BUNDLE_EXECUTABLE_FOLDER_PATH)/WeekdayFinder";
			};
			name = Release;
		};
		3A5714E42A2520340039509B /* Debug */ = {
			isa = XCBuildConfiguration;
			buildSettings = {
				ALWAYS_EMBED_SWIFT_STANDARD_LIBRARIES = YES;
				CODE_SIGN_STYLE = Automatic;
				CURRENT_PROJECT_VERSION = 1;
				GENERATE_INFOPLIST_FILE = YES;
				MARKETING_VERSION = 1.0;
				PRODUCT_BUNDLE_IDENTIFIER = valeria.WeekdayFinderUITests;
				PRODUCT_NAME = "$(TARGET_NAME)";
				SWIFT_EMIT_LOC_STRINGS = NO;
				SWIFT_VERSION = 5.0;
				TARGETED_DEVICE_FAMILY = "1,2";
				TEST_TARGET_NAME = WeekdayFinder;
			};
			name = Debug;
		};
		3A5714E52A2520340039509B /* Release */ = {
			isa = XCBuildConfiguration;
			buildSettings = {
				ALWAYS_EMBED_SWIFT_STANDARD_LIBRARIES = YES;
				CODE_SIGN_STYLE = Automatic;
				CURRENT_PROJECT_VERSION = 1;
				GENERATE_INFOPLIST_FILE = YES;
				MARKETING_VERSION = 1.0;
				PRODUCT_BUNDLE_IDENTIFIER = valeria.WeekdayFinderUITests;
				PRODUCT_NAME = "$(TARGET_NAME)";
				SWIFT_EMIT_LOC_STRINGS = NO;
				SWIFT_VERSION = 5.0;
				TARGETED_DEVICE_FAMILY = "1,2";
				TEST_TARGET_NAME = WeekdayFinder;
			};
			name = Release;
		};
/* End XCBuildConfiguration section */

/* Begin XCConfigurationList section */
		3A5714AB2A2520330039509B /* Build configuration list for PBXProject "WeekdayFinder" */ = {
			isa = XCConfigurationList;
			buildConfigurations = (
				3A5714DB2A2520340039509B /* Debug */,
				3A5714DC2A2520340039509B /* Release */,
			);
			defaultConfigurationIsVisible = 0;
			defaultConfigurationName = Release;
		};
		3A5714DD2A2520340039509B /* Build configuration list for PBXNativeTarget "WeekdayFinder" */ = {
			isa = XCConfigurationList;
			buildConfigurations = (
				3A5714DE2A2520340039509B /* Debug */,
				3A5714DF2A2520340039509B /* Release */,
			);
			defaultConfigurationIsVisible = 0;
			defaultConfigurationName = Release;
		};
		3A5714E02A2520340039509B /* Build configuration list for PBXNativeTarget "WeekdayFinderTests" */ = {
			isa = XCConfigurationList;
			buildConfigurations = (
				3A5714E12A2520340039509B /* Debug */,
				3A5714E22A2520340039509B /* Release */,
			);
			defaultConfigurationIsVisible = 0;
			defaultConfigurationName = Release;
		};
		3A5714E32A2520340039509B /* Build configuration list for PBXNativeTarget "WeekdayFinderUITests" */ = {
			isa = XCConfigurationList;
			buildConfigurations = (
				3A5714E42A2520340039509B /* Debug */,
				3A5714E52A2520340039509B /* Release */,
			);
			defaultConfigurationIsVisible = 0;
			defaultConfigurationName = Release;
		};
/* End XCConfigurationList section */

/* Begin XCVersionGroup section */
		3A5714BC2A2520330039509B /* WeekdayFinder.xcdatamodeld */ = {
			isa = XCVersionGroup;
			children = (
				3A5714BD2A2520330039509B /* WeekdayFinder.xcdatamodel */,
			);
			currentVersion = 3A5714BD2A2520330039509B /* WeekdayFinder.xcdatamodel */;
			path = WeekdayFinder.xcdatamodeld;
			sourceTree = "<group>";
			versionGroupType = wrapper.xcdatamodel;
		};
/* End XCVersionGroup section */
	};
	rootObject = 3A5714A82A2520330039509B /* Project object */;
}
